
Microsoft Visual Studio Solution File, Format Version 12.00
# Visual Studio Version 17
VisualStudioVersion = 17.9.34607.119
MinimumVisualStudioVersion = 10.0.40219.1
Project("{8BC9CEB8-8B4A-11D0-8D11-00A0C91BC942}") = "Polimorpi", "Polimorpi\Polimorpi.vcxproj", "{8FD88C54-D804-4314-9872-AA8500A83CE4}"
EndProject
Project("{8BC9CEB8-8B4A-11D0-8D11-00A0C91BC942}") = "Enkapsulasi", "Enkapsulasi\Enkapsulasi.vcxproj", "{A7D98FD0-63F4-4B06-962F-56D4D7E7951A}"
EndProject
Global
	GlobalSection(SolutionConfigurationPlatforms) = preSolution
		Debug|x64 = Debug|x64
		Debug|x86 = Debug|x86
		Release|x64 = Release|x64
		Release|x86 = Release|x86
	EndGlobalSection
	GlobalSection(ProjectConfigurationPlatforms) = postSolution
		{8FD88C54-D804-4314-9872-AA8500A83CE4}.Debug|x64.ActiveCfg = Debug|x64
		{8FD88C54-D804-4314-9872-AA8500A83CE4}.Debug|x64.Build.0 = Debug|x64
		{8FD88C54-D804-4314-9872-AA8500A83CE4}.Debug|x86.ActiveCfg = Debug|Win32
		{8FD88C54-D804-4314-9872-AA8500A83CE4}.Debug|x86.Build.0 = Debug|Win32
		{8FD88C54-D804-4314-9872-AA8500A83CE4}.Release|x64.ActiveCfg = Release|x64
		{8FD88C54-D804-4314-9872-AA8500A83CE4}.Release|x64.Build.0 = Release|x64
		{8FD88C54-D804-4314-9872-AA8500A83CE4}.Release|x86.ActiveCfg = Release|Win32
		{8FD88C54-D804-4314-9872-AA8500A83CE4}.Release|x86.Build.0 = Release|Win32
		{A7D98FD0-63F4-4B06-962F-56D4D7E7951A}.Debug|x64.ActiveCfg = Debug|x64
		{A7D98FD0-63F4-4B06-962F-56D4D7E7951A}.Debug|x64.Build.0 = Debug|x64
		{A7D98FD0-63F4-4B06-962F-56D4D7E7951A}.Debug|x86.ActiveCfg = Debug|Win32
		{A7D98FD0-63F4-4B06-962F-56D4D7E7951A}.Debug|x86.Build.0 = Debug|Win32
		{A7D98FD0-63F4-4B06-962F-56D4D7E7951A}.Release|x64.ActiveCfg = Release|x64
		{A7D98FD0-63F4-4B06-962F-56D4D7E7951A}.Release|x64.Build.0 = Release|x64
		{A7D98FD0-63F4-4B06-962F-56D4D7E7951A}.Release|x86.ActiveCfg = Release|Win32
		{A7D98FD0-63F4-4B06-962F-56D4D7E7951A}.Release|x86.Build.0 = Release|Win32
	EndGlobalSection
	GlobalSection(SolutionProperties) = preSolution
		HideSolutionNode = FALSE
	EndGlobalSection
	GlobalSection(ExtensibilityGlobals) = postSolution
		SolutionGuid = {D7CA445A-03EE-4260-9DA6-9ED61551FFE1}
	EndGlobalSection
EndGlobal
